// !$*UTF8*$!
{
	archiveVersion = 1;
	classes = {
	};
	objectVersion = 46;
	objects = {

/* Begin PBXBuildFile section */
		F31F45C01974F386009C70DC /* Game.swift in Sources */ = {isa = PBXBuildFile; fileRef = F31F45BF1974F386009C70DC /* Game.swift */; };
		F375BEBC1973A1D300612FE7 /* AppDelegate.swift in Sources */ = {isa = PBXBuildFile; fileRef = F375BEBB1973A1D300612FE7 /* AppDelegate.swift */; };
		F375BEBE1973A1D300612FE7 /* ViewController.swift in Sources */ = {isa = PBXBuildFile; fileRef = F375BEBD1973A1D300612FE7 /* ViewController.swift */; };
		F375BEC11973A1D300612FE7 /* Main.storyboard in Resources */ = {isa = PBXBuildFile; fileRef = F375BEBF1973A1D300612FE7 /* Main.storyboard */; };
		F375BEC31973A1D300612FE7 /* Images.xcassets in Resources */ = {isa = PBXBuildFile; fileRef = F375BEC21973A1D300612FE7 /* Images.xcassets */; };
		F375BECF1973A1D400612FE7 /* SurvivalTests.swift in Sources */ = {isa = PBXBuildFile; fileRef = F375BECE1973A1D400612FE7 /* SurvivalTests.swift */; };
/* End PBXBuildFile section */

/* Begin PBXContainerItemProxy section */
		F375BEC91973A1D400612FE7 /* PBXContainerItemProxy */ = {
			isa = PBXContainerItemProxy;
			containerPortal = F375BEAE1973A1D300612FE7 /* Project object */;
			proxyType = 1;
			remoteGlobalIDString = F375BEB51973A1D300612FE7;
			remoteInfo = Survival;
		};
/* End PBXContainerItemProxy section */

/* Begin PBXFileReference section */
		F31F45BF1974F386009C70DC /* Game.swift */ = {isa = PBXFileReference; fileEncoding = 4; lastKnownFileType = sourcecode.swift; path = Game.swift; sourceTree = "<group>"; };
		F375BEB61973A1D300612FE7 /* Survival.app */ = {isa = PBXFileReference; explicitFileType = wrapper.application; includeInIndex = 0; path = Survival.app; sourceTree = BUILT_PRODUCTS_DIR; };
		F375BEBA1973A1D300612FE7 /* Info.plist */ = {isa = PBXFileReference; lastKnownFileType = text.plist.xml; path = Info.plist; sourceTree = "<group>"; };
		F375BEBB1973A1D300612FE7 /* AppDelegate.swift */ = {isa = PBXFileReference; lastKnownFileType = sourcecode.swift; path = AppDelegate.swift; sourceTree = "<group>"; };
		F375BEBD1973A1D300612FE7 /* ViewController.swift */ = {isa = PBXFileReference; lastKnownFileType = sourcecode.swift; path = ViewController.swift; sourceTree = "<group>"; };
		F375BEC01973A1D300612FE7 /* Base */ = {isa = PBXFileReference; lastKnownFileType = file.storyboard; name = Base; path = Base.lproj/Main.storyboard; sourceTree = "<group>"; };
		F375BEC21973A1D300612FE7 /* Images.xcassets */ = {isa = PBXFileReference; lastKnownFileType = folder.assetcatalog; path = Images.xcassets; sourceTree = "<group>"; };
		F375BEC81973A1D400612FE7 /* SurvivalTests.xctest */ = {isa = PBXFileReference; explicitFileType = wrapper.cfbundle; includeInIndex = 0; path = SurvivalTests.xctest; sourceTree = BUILT_PRODUCTS_DIR; };
		F375BECD1973A1D400612FE7 /* Info.plist */ = {isa = PBXFileReference; lastKnownFileType = text.plist.xml; path = Info.plist; sourceTree = "<group>"; };
		F375BECE1973A1D400612FE7 /* SurvivalTests.swift */ = {isa = PBXFileReference; lastKnownFileType = sourcecode.swift; path = SurvivalTests.swift; sourceTree = "<group>"; };
/* End PBXFileReference section */

/* Begin PBXFrameworksBuildPhase section */
		F375BEB31973A1D300612FE7 /* Frameworks */ = {
			isa = PBXFrameworksBuildPhase;
			buildActionMask = 2147483647;
			files = (
			);
			runOnlyForDeploymentPostprocessing = 0;
		};
		F375BEC51973A1D400612FE7 /* Frameworks */ = {
			isa = PBXFrameworksBuildPhase;
			buildActionMask = 2147483647;
			files = (
			);
			runOnlyForDeploymentPostprocessing = 0;
		};
/* End PBXFrameworksBuildPhase section */

/* Begin PBXGroup section */
		F375BEAD1973A1D300612FE7 = {
			isa = PBXGroup;
			children = (
				F375BEB81973A1D300612FE7 /* Survival */,
				F375BECB1973A1D400612FE7 /* SurvivalTests */,
				F375BEB71973A1D300612FE7 /* Products */,
			);
			sourceTree = "<group>";
		};
		F375BEB71973A1D300612FE7 /* Products */ = {
			isa = PBXGroup;
			children = (
				F375BEB61973A1D300612FE7 /* Survival.app */,
				F375BEC81973A1D400612FE7 /* SurvivalTests.xctest */,
			);
			name = Products;
			sourceTree = "<group>";
		};
		F375BEB81973A1D300612FE7 /* Survival */ = {
			isa = PBXGroup;
			children = (
				F375BEBB1973A1D300612FE7 /* AppDelegate.swift */,
				F375BEBD1973A1D300612FE7 /* ViewController.swift */,
				F375BEBF1973A1D300612FE7 /* Main.storyboard */,
				F31F45BF1974F386009C70DC /* Game.swift */,
				F375BEC21973A1D300612FE7 /* Images.xcassets */,
				F375BEB91973A1D300612FE7 /* Supporting Files */,
			);
			path = Survival;
			sourceTree = "<group>";
		};
		F375BEB91973A1D300612FE7 /* Supporting Files */ = {
			isa = PBXGroup;
			children = (
				F375BEBA1973A1D300612FE7 /* Info.plist */,
			);
			name = "Supporting Files";
			sourceTree = "<group>";
		};
		F375BECB1973A1D400612FE7 /* SurvivalTests */ = {
			isa = PBXGroup;
			children = (
				F375BECE1973A1D400612FE7 /* SurvivalTests.swift */,
				F375BECC1973A1D400612FE7 /* Supporting Files */,
			);
			path = SurvivalTests;
			sourceTree = "<group>";
		};
		F375BECC1973A1D400612FE7 /* Supporting Files */ = {
			isa = PBXGroup;
			children = (
				F375BECD1973A1D400612FE7 /* Info.plist */,
			);
			name = "Supporting Files";
			sourceTree = "<group>";
		};
/* End PBXGroup section */

/* Begin PBXNativeTarget section */
		F375BEB51973A1D300612FE7 /* Survival */ = {
			isa = PBXNativeTarget;
			buildConfigurationList = F375BED21973A1D400612FE7 /* Build configuration list for PBXNativeTarget "Survival" */;
			buildPhases = (
				F375BEB21973A1D300612FE7 /* Sources */,
				F375BEB31973A1D300612FE7 /* Frameworks */,
				F375BEB41973A1D300612FE7 /* Resources */,
			);
			buildRules = (
			);
			dependencies = (
			);
			name = Survival;
			productName = Survival;
			productReference = F375BEB61973A1D300612FE7 /* Survival.app */;
			productType = "com.apple.product-type.application";
		};
		F375BEC71973A1D400612FE7 /* SurvivalTests */ = {
			isa = PBXNativeTarget;
			buildConfigurationList = F375BED51973A1D400612FE7 /* Build configuration list for PBXNativeTarget "SurvivalTests" */;
			buildPhases = (
				F375BEC41973A1D400612FE7 /* Sources */,
				F375BEC51973A1D400612FE7 /* Frameworks */,
				F375BEC61973A1D400612FE7 /* Resources */,
			);
			buildRules = (
			);
			dependencies = (
				F375BECA1973A1D400612FE7 /* PBXTargetDependency */,
			);
			name = SurvivalTests;
			productName = SurvivalTests;
			productReference = F375BEC81973A1D400612FE7 /* SurvivalTests.xctest */;
			productType = "com.apple.product-type.bundle.unit-test";
		};
/* End PBXNativeTarget section */

/* Begin PBXProject section */
		F375BEAE1973A1D300612FE7 /* Project object */ = {
			isa = PBXProject;
			attributes = {
				LastUpgradeCheck = 0600;
				ORGANIZATIONNAME = "Mark Meyer";
				TargetAttributes = {
					F375BEB51973A1D300612FE7 = {
						CreatedOnToolsVersion = 6.0;
					};
					F375BEC71973A1D400612FE7 = {
						CreatedOnToolsVersion = 6.0;
						TestTargetID = F375BEB51973A1D300612FE7;
					};
				};
			};
			buildConfigurationList = F375BEB11973A1D300612FE7 /* Build configuration list for PBXProject "Survival" */;
			compatibilityVersion = "Xcode 3.2";
			developmentRegion = English;
			hasScannedForEncodings = 0;
			knownRegions = (
				en,
				Base,
			);
			mainGroup = F375BEAD1973A1D300612FE7;
			productRefGroup = F375BEB71973A1D300612FE7 /* Products */;
			projectDirPath = "";
			projectRoot = "";
			targets = (
				F375BEB51973A1D300612FE7 /* Survival */,
				F375BEC71973A1D400612FE7 /* SurvivalTests */,
			);
		};
/* End PBXProject section */

/* Begin PBXResourcesBuildPhase section */
		F375BEB41973A1D300612FE7 /* Resources */ = {
			isa = PBXResourcesBuildPhase;
			buildActionMask = 2147483647;
			files = (
				F375BEC11973A1D300612FE7 /* Main.storyboard in Resources */,
				F375BEC31973A1D300612FE7 /* Images.xcassets in Resources */,
			);
			runOnlyForDeploymentPostprocessing = 0;
		};
		F375BEC61973A1D400612FE7 /* Resources */ = {
			isa = PBXResourcesBuildPhase;
			buildActionMask = 2147483647;
			files = (
			);
			runOnlyForDeploymentPostprocessing = 0;
		};
/* End PBXResourcesBuildPhase section */

/* Begin PBXSourcesBuildPhase section */
		F375BEB21973A1D300612FE7 /* Sources */ = {
			isa = PBXSourcesBuildPhase;
			buildActionMask = 2147483647;
			files = (
				F375BEBE1973A1D300612FE7 /* ViewController.swift in Sources */,
				F31F45C01974F386009C70DC /* Game.swift in Sources */,
				F375BEBC1973A1D300612FE7 /* AppDelegate.swift in Sources */,
			);
			runOnlyForDeploymentPostprocessing = 0;
		};
		F375BEC41973A1D400612FE7 /* Sources */ = {
			isa = PBXSourcesBuildPhase;
			buildActionMask = 2147483647;
			files = (
				F375BECF1973A1D400612FE7 /* SurvivalTests.swift in Sources */,
			);
			runOnlyForDeploymentPostprocessing = 0;
		};
/* End PBXSourcesBuildPhase section */

/* Begin PBXTargetDependency section */
		F375BECA1973A1D400612FE7 /* PBXTargetDependency */ = {
			isa = PBXTargetDependency;
			target = F375BEB51973A1D300612FE7 /* Survival */;
			targetProxy = F375BEC91973A1D400612FE7 /* PBXContainerItemProxy */;
		};
/* End PBXTargetDependency section */

/* Begin PBXVariantGroup section */
		F375BEBF1973A1D300612FE7 /* Main.storyboard */ = {
			isa = PBXVariantGroup;
			children = (
				F375BEC01973A1D300612FE7 /* Base */,
			);
			name = Main.storyboard;
			sourceTree = "<group>";
		};
/* End PBXVariantGroup section */

/* Begin XCBuildConfiguration section */
		F375BED01973A1D400612FE7 /* Debug */ = {
			isa = XCBuildConfiguration;
			buildSettings = {
				ALWAYS_SEARCH_USER_PATHS = NO;
				CLANG_CXX_LANGUAGE_STANDARD = "gnu++0x";
				CLANG_CXX_LIBRARY = "libc++";
				CLANG_ENABLE_MODULES = YES;
				CLANG_ENABLE_OBJC_ARC = YES;
				CLANG_WARN_BOOL_CONVERSION = YES;
				CLANG_WARN_CONSTANT_CONVERSION = YES;
				CLANG_WARN_DIRECT_OBJC_ISA_USAGE = YES_ERROR;
				CLANG_WARN_EMPTY_BODY = YES;
				CLANG_WARN_ENUM_CONVERSION = YES;
				CLANG_WARN_INT_CONVERSION = YES;
				CLANG_WARN_OBJC_ROOT_CLASS = YES_ERROR;
				CLANG_WARN_UNREACHABLE_CODE = YES;
				CLANG_WARN__DUPLICATE_METHOD_MATCH = YES;
				"CODE_SIGN_IDENTITY[sdk=iphoneos*]" = "iPhone Developer";
				COPY_PHASE_STRIP = NO;
				ENABLE_STRICT_OBJC_MSGSEND = YES;
				GCC_C_LANGUAGE_STANDARD = gnu99;
				GCC_DYNAMIC_NO_PIC = NO;
				GCC_OPTIMIZATION_LEVEL = 0;
				GCC_PREPROCESSOR_DEFINITIONS = (
					"DEBUG=1",
					"$(inherited)",
				);
				GCC_SYMBOLS_PRIVATE_EXTERN = NO;
				GCC_WARN_64_TO_32_BIT_CONVERSION = YES;
				GCC_WARN_ABOUT_RETURN_TYPE = YES_ERROR;
				GCC_WARN_UNDECLARED_SELECTOR = YES;
				GCC_WARN_UNINITIALIZED_AUTOS = YES_AGGRESSIVE;
				GCC_WARN_UNUSED_FUNCTION = YES;
				GCC_WARN_UNUSED_VARIABLE = YES;
				IPHONEOS_DEPLOYMENT_TARGET = 8.0;
				MTL_ENABLE_DEBUG_INFO = YES;
				ONLY_ACTIVE_ARCH = YES;
				SDKROOT = iphoneos;
				SWIFT_OPTIMIZATION_LEVEL = "-Onone";
			};
			name = Debug;
		};
		F375BED11973A1D400612FE7 /* Release */ = {
			isa = XCBuildConfiguration;
			buildSettings = {
				ALWAYS_SEARCH_USER_PATHS = NO;
				CLANG_CXX_LANGUAGE_STANDARD = "gnu++0x";
				CLANG_CXX_LIBRARY = "libc++";
				CLANG_ENABLE_MODULES = YES;
				CLANG_ENABLE_OBJC_ARC = YES;
				CLANG_WARN_BOOL_CONVERSION = YES;
				CLANG_WARN_CONSTANT_CONVERSION = YES;
				CLANG_WARN_DIRECT_OBJC_ISA_USAGE = YES_ERROR;
				CLANG_WARN_EMPTY_BODY = YES;
				CLANG_WARN_ENUM_CONVERSION = YES;
				CLANG_WARN_INT_CONVERSION = YES;
				CLANG_WARN_OBJC_ROOT_CLASS = YES_ERROR;
				CLANG_WARN_UNREACHABLE_CODE = YES;
				CLANG_WARN__DUPLICATE_METHOD_MATCH = YES;
				"CODE_SIGN_IDENTITY[sdk=iphoneos*]" = "iPhone Developer";
				COPY_PHASE_STRIP = YES;
				ENABLE_NS_ASSERTIONS = NO;
				ENABLE_STRICT_OBJC_MSGSEND = YES;
				GCC_C_LANGUAGE_STANDARD = gnu99;
				GCC_WARN_64_TO_32_BIT_CONVERSION = YES;
				GCC_WARN_ABOUT_RETURN_TYPE = YES_ERROR;
				GCC_WARN_UNDECLARED_SELECTOR = YES;
				GCC_WARN_UNINITIALIZED_AUTOS = YES_AGGRESSIVE;
				GCC_WARN_UNUSED_FUNCTION = YES;
				GCC_WARN_UNUSED_VARIABLE = YES;
				IPHONEOS_DEPLOYMENT_TARGET = 8.0;
				MTL_ENABLE_DEBUG_INFO = NO;
				SDKROOT = iphoneos;
				VALIDATE_PRODUCT = YES;
			};
			name = Release;
		};
		F375BED31973A1D400612FE7 /* Debug */ = {
			isa = XCBuildConfiguration;
			buildSettings = {
				ASSETCATALOG_COMPILER_APPICON_NAME = AppIcon;
				ASSETCATALOG_COMPILER_LAUNCHIMAGE_NAME = LaunchImage;
				INFOPLIST_FILE = Survival/Info.plist;
				LD_RUNPATH_SEARCH_PATHS = "$(inherited) @executable_path/Frameworks";
				PRODUCT_NAME = "$(TARGET_NAME)";
			};
			name = Debug;
		};
		F375BED41973A1D400612FE7 /* Release */ = {
			isa = XCBuildConfiguration;
			buildSettings = {
				ASSETCATALOG_COMPILER_APPICON_NAME = AppIcon;
				ASSETCATALOG_COMPILER_LAUNCHIMAGE_NAME = LaunchImage;
				INFOPLIST_FILE = Survival/Info.plist;
				LD_RUNPATH_SEARCH_PATHS = "$(inherited) @executable_path/Frameworks";
				PRODUCT_NAME = "$(TARGET_NAME)";
			};
			name = Release;
		};
		F375BED61973A1D400612FE7 /* Debug */ = {
			isa = XCBuildConfiguration;
			buildSettings = {
				BUNDLE_LOADER = "$(BUILT_PRODUCTS_DIR)/Survival.app/Survival";
				FRAMEWORK_SEARCH_PATHS = (
					"$(SDKROOT)/Developer/Library/Frameworks",
					"$(inherited)",
				);
				GCC_PREPROCESSOR_DEFINITIONS = (
					"DEBUG=1",
					"$(inherited)",
				);
				INFOPLIST_FILE = SurvivalTests/Info.plist;
				LD_RUNPATH_SEARCH_PATHS = "$(inherited) @executable_path/Frameworks @loader_path/Frameworks";
				PRODUCT_NAME = "$(TARGET_NAME)";
				TEST_HOST = "$(BUNDLE_LOADER)";
			};
			name = Debug;
		};
		F375BED71973A1D400612FE7 /* Release */ = {
			isa = XCBuildConfiguration;
			buildSettings = {
				BUNDLE_LOADER = "$(BUILT_PRODUCTS_DIR)/Survival.app/Survival";
				FRAMEWORK_SEARCH_PATHS = (
					"$(SDKROOT)/Developer/Library/Frameworks",
					"$(inherited)",
				);
				INFOPLIST_FILE = SurvivalTests/Info.plist;
				LD_RUNPATH_SEARCH_PATHS = "$(inherited) @executable_path/Frameworks @loader_path/Frameworks";
				PRODUCT_NAME = "$(TARGET_NAME)";
				TEST_HOST = "$(BUNDLE_LOADER)";
			};
			name = Release;
		};
/* End XCBuildConfiguration section */

/* Begin XCConfigurationList section */
		F375BEB11973A1D300612FE7 /* Build configuration list for PBXProject "Survival" */ = {
			isa = XCConfigurationList;
			buildConfigurations = (
				F375BED01973A1D400612FE7 /* Debug */,
				F375BED11973A1D400612FE7 /* Release */,
			);
			defaultConfigurationIsVisible = 0;
			defaultConfigurationName = Release;
		};
		F375BED21973A1D400612FE7 /* Build configuration list for PBXNativeTarget "Survival" */ = {
			isa = XCConfigurationList;
			buildConfigurations = (
				F375BED31973A1D400612FE7 /* Debug */,
				F375BED41973A1D400612FE7 /* Release */,
			);
			defaultConfigurationIsVisible = 0;
			defaultConfigurationName = Release;
		};
		F375BED51973A1D400612FE7 /* Build configuration list for PBXNativeTarget "SurvivalTests" */ = {
			isa = XCConfigurationList;
			buildConfigurations = (
				F375BED61973A1D400612FE7 /* Debug */,
				F375BED71973A1D400612FE7 /* Release */,
			);
			defaultConfigurationIsVisible = 0;
			defaultConfigurationName = Release;
		};
/* End XCConfigurationList section */
	};
	rootObject = F375BEAE1973A1D300612FE7 /* Project object */;
}
